// !$*UTF8*$!
{
	archiveVersion = 1;
	classes = {
	};
	objectVersion = 56;
	objects = {

/* Begin PBXBuildFile section */
		82136E932966C08400CCAADF /* TaskwithFirebaseApp.swift in Sources */ = {isa = PBXBuildFile; fileRef = 82136E922966C08400CCAADF /* TaskwithFirebaseApp.swift */; };
		82136E952966C08400CCAADF /* TaskList.swift in Sources */ = {isa = PBXBuildFile; fileRef = 82136E942966C08400CCAADF /* TaskList.swift */; };
		82136E972966C08600CCAADF /* Assets.xcassets in Resources */ = {isa = PBXBuildFile; fileRef = 82136E962966C08600CCAADF /* Assets.xcassets */; };
		82136E9A2966C08600CCAADF /* Preview Assets.xcassets in Resources */ = {isa = PBXBuildFile; fileRef = 82136E992966C08600CCAADF /* Preview Assets.xcassets */; };
		82136EA12966C0FC00CCAADF /* GoogleService-Info.plist in Resources */ = {isa = PBXBuildFile; fileRef = 82136EA02966C0FC00CCAADF /* GoogleService-Info.plist */; };
		82136EA42966C1B200CCAADF /* FirebaseAnalytics in Frameworks */ = {isa = PBXBuildFile; productRef = 82136EA32966C1B200CCAADF /* FirebaseAnalytics */; };
		82136EA62966C1B200CCAADF /* FirebaseAnalyticsSwift in Frameworks */ = {isa = PBXBuildFile; productRef = 82136EA52966C1B200CCAADF /* FirebaseAnalyticsSwift */; };
		82136EA82966C1B200CCAADF /* FirebaseAuth in Frameworks */ = {isa = PBXBuildFile; productRef = 82136EA72966C1B200CCAADF /* FirebaseAuth */; };
		82136EAA2966C1B200CCAADF /* FirebaseAuthCombine-Community in Frameworks */ = {isa = PBXBuildFile; productRef = 82136EA92966C1B200CCAADF /* FirebaseAuthCombine-Community */; };
		82136EAC2966C1B200CCAADF /* FirebaseCrashlytics in Frameworks */ = {isa = PBXBuildFile; productRef = 82136EAB2966C1B200CCAADF /* FirebaseCrashlytics */; };
		82136EAE2966C1B200CCAADF /* FirebaseDatabase in Frameworks */ = {isa = PBXBuildFile; productRef = 82136EAD2966C1B200CCAADF /* FirebaseDatabase */; };
		82136EB02966C1B200CCAADF /* FirebaseDatabaseSwift in Frameworks */ = {isa = PBXBuildFile; productRef = 82136EAF2966C1B200CCAADF /* FirebaseDatabaseSwift */; };
		82136EB22966C1B200CCAADF /* FirebaseDynamicLinks in Frameworks */ = {isa = PBXBuildFile; productRef = 82136EB12966C1B200CCAADF /* FirebaseDynamicLinks */; };
		82136EB42966C1B200CCAADF /* FirebaseFirestore in Frameworks */ = {isa = PBXBuildFile; productRef = 82136EB32966C1B200CCAADF /* FirebaseFirestore */; };
		82136EB62966C1B200CCAADF /* FirebaseFirestoreSwift in Frameworks */ = {isa = PBXBuildFile; productRef = 82136EB52966C1B200CCAADF /* FirebaseFirestoreSwift */; };
		82136EB82966C1B200CCAADF /* FirebaseFunctions in Frameworks */ = {isa = PBXBuildFile; productRef = 82136EB72966C1B200CCAADF /* FirebaseFunctions */; };
		82136EBA2966C1B200CCAADF /* FirebaseFunctionsCombine-Community in Frameworks */ = {isa = PBXBuildFile; productRef = 82136EB92966C1B200CCAADF /* FirebaseFunctionsCombine-Community */; };
		82136EBC2966C1B200CCAADF /* FirebaseInAppMessaging-Beta in Frameworks */ = {isa = PBXBuildFile; productRef = 82136EBB2966C1B200CCAADF /* FirebaseInAppMessaging-Beta */; };
		82136EBE2966C1B200CCAADF /* FirebaseInAppMessagingSwift-Beta in Frameworks */ = {isa = PBXBuildFile; productRef = 82136EBD2966C1B200CCAADF /* FirebaseInAppMessagingSwift-Beta */; };
		82136EC02966C1B200CCAADF /* FirebaseMLModelDownloader in Frameworks */ = {isa = PBXBuildFile; productRef = 82136EBF2966C1B200CCAADF /* FirebaseMLModelDownloader */; };
		82136EC22966C1B200CCAADF /* FirebaseMessaging in Frameworks */ = {isa = PBXBuildFile; productRef = 82136EC12966C1B200CCAADF /* FirebaseMessaging */; };
		82136EC42966C1B200CCAADF /* FirebasePerformance in Frameworks */ = {isa = PBXBuildFile; productRef = 82136EC32966C1B200CCAADF /* FirebasePerformance */; };
		82136EC62966C1B200CCAADF /* FirebaseRemoteConfig in Frameworks */ = {isa = PBXBuildFile; productRef = 82136EC52966C1B200CCAADF /* FirebaseRemoteConfig */; };
		82136EC82966C1B200CCAADF /* FirebaseRemoteConfigSwift in Frameworks */ = {isa = PBXBuildFile; productRef = 82136EC72966C1B200CCAADF /* FirebaseRemoteConfigSwift */; };
		82136ECA2966C1B200CCAADF /* FirebaseStorage in Frameworks */ = {isa = PBXBuildFile; productRef = 82136EC92966C1B200CCAADF /* FirebaseStorage */; };
		82136ECC2966C1B200CCAADF /* FirebaseStorageCombine-Community in Frameworks */ = {isa = PBXBuildFile; productRef = 82136ECB2966C1B200CCAADF /* FirebaseStorageCombine-Community */; };
		823C31302967D9DF000B0443 /* DateValue.swift in Sources */ = {isa = PBXBuildFile; fileRef = 823C312E2967D9DF000B0443 /* DateValue.swift */; };
		823C3169296D20A9000B0443 /* Task.swift in Sources */ = {isa = PBXBuildFile; fileRef = 823C3168296D20A9000B0443 /* Task.swift */; };
		823C316B296D2404000B0443 /* TaskViewModel.swift in Sources */ = {isa = PBXBuildFile; fileRef = 823C316A296D2404000B0443 /* TaskViewModel.swift */; };
		823C316D296D2A3C000B0443 /* TasksViewModel.swift in Sources */ = {isa = PBXBuildFile; fileRef = 823C316C296D2A3C000B0443 /* TasksViewModel.swift */; };
		823C316F296D2E2E000B0443 /* TaskDetailsView.swift in Sources */ = {isa = PBXBuildFile; fileRef = 823C316E296D2E2E000B0443 /* TaskDetailsView.swift */; };
		823C318E296D3BB2000B0443 /* TaskEditView.swift in Sources */ = {isa = PBXBuildFile; fileRef = 823C318D296D3BB2000B0443 /* TaskEditView.swift */; };
		823C3190296D4B28000B0443 /* Home.swift in Sources */ = {isa = PBXBuildFile; fileRef = 823C318F296D4B28000B0443 /* Home.swift */; };
		823C3192296D4B32000B0443 /* ContentView.swift in Sources */ = {isa = PBXBuildFile; fileRef = 823C3191296D4B32000B0443 /* ContentView.swift */; };
		823C3194296D4B40000B0443 /* CustomDatePicker.swift in Sources */ = {isa = PBXBuildFile; fileRef = 823C3193296D4B40000B0443 /* CustomDatePicker.swift */; };
/* End PBXBuildFile section */

/* Begin PBXFileReference section */
		82136E8F2966C08400CCAADF /* TaskwithFirebase.app */ = {isa = PBXFileReference; explicitFileType = wrapper.application; includeInIndex = 0; path = TaskwithFirebase.app; sourceTree = BUILT_PRODUCTS_DIR; };
		82136E922966C08400CCAADF /* TaskwithFirebaseApp.swift */ = {isa = PBXFileReference; lastKnownFileType = sourcecode.swift; path = TaskwithFirebaseApp.swift; sourceTree = "<group>"; };
		82136E942966C08400CCAADF /* TaskList.swift */ = {isa = PBXFileReference; lastKnownFileType = sourcecode.swift; path = TaskList.swift; sourceTree = "<group>"; };
		82136E962966C08600CCAADF /* Assets.xcassets */ = {isa = PBXFileReference; lastKnownFileType = folder.assetcatalog; path = Assets.xcassets; sourceTree = "<group>"; };
		82136E992966C08600CCAADF /* Preview Assets.xcassets */ = {isa = PBXFileReference; lastKnownFileType = folder.assetcatalog; path = "Preview Assets.xcassets"; sourceTree = "<group>"; };
		82136EA02966C0FC00CCAADF /* GoogleService-Info.plist */ = {isa = PBXFileReference; fileEncoding = 4; lastKnownFileType = text.plist.xml; path = "GoogleService-Info.plist"; sourceTree = "<group>"; };
		823C312E2967D9DF000B0443 /* DateValue.swift */ = {isa = PBXFileReference; fileEncoding = 4; lastKnownFileType = sourcecode.swift; path = DateValue.swift; sourceTree = "<group>"; };
		823C3168296D20A9000B0443 /* Task.swift */ = {isa = PBXFileReference; lastKnownFileType = sourcecode.swift; path = Task.swift; sourceTree = "<group>"; };
		823C316A296D2404000B0443 /* TaskViewModel.swift */ = {isa = PBXFileReference; lastKnownFileType = sourcecode.swift; path = TaskViewModel.swift; sourceTree = "<group>"; };
		823C316C296D2A3C000B0443 /* TasksViewModel.swift */ = {isa = PBXFileReference; lastKnownFileType = sourcecode.swift; path = TasksViewModel.swift; sourceTree = "<group>"; };
		823C316E296D2E2E000B0443 /* TaskDetailsView.swift */ = {isa = PBXFileReference; lastKnownFileType = sourcecode.swift; path = TaskDetailsView.swift; sourceTree = "<group>"; };
		823C318D296D3BB2000B0443 /* TaskEditView.swift */ = {isa = PBXFileReference; lastKnownFileType = sourcecode.swift; path = TaskEditView.swift; sourceTree = "<group>"; };
		823C318F296D4B28000B0443 /* Home.swift */ = {isa = PBXFileReference; fileEncoding = 4; lastKnownFileType = sourcecode.swift; path = Home.swift; sourceTree = "<group>"; };
		823C3191296D4B32000B0443 /* ContentView.swift */ = {isa = PBXFileReference; fileEncoding = 4; lastKnownFileType = sourcecode.swift; path = ContentView.swift; sourceTree = "<group>"; };
		823C3193296D4B40000B0443 /* CustomDatePicker.swift */ = {isa = PBXFileReference; fileEncoding = 4; lastKnownFileType = sourcecode.swift; path = CustomDatePicker.swift; sourceTree = "<group>"; };
/* End PBXFileReference section */

/* Begin PBXFrameworksBuildPhase section */
		82136E8C2966C08400CCAADF /* Frameworks */ = {
			isa = PBXFrameworksBuildPhase;
			buildActionMask = 2147483647;
			files = (
				82136EC22966C1B200CCAADF /* FirebaseMessaging in Frameworks */,
				82136ECC2966C1B200CCAADF /* FirebaseStorageCombine-Community in Frameworks */,
				82136EBC2966C1B200CCAADF /* FirebaseInAppMessaging-Beta in Frameworks */,
				82136EC82966C1B200CCAADF /* FirebaseRemoteConfigSwift in Frameworks */,
				82136EB02966C1B200CCAADF /* FirebaseDatabaseSwift in Frameworks */,
				82136EBE2966C1B200CCAADF /* FirebaseInAppMessagingSwift-Beta in Frameworks */,
				82136EAE2966C1B200CCAADF /* FirebaseDatabase in Frameworks */,
				82136EA62966C1B200CCAADF /* FirebaseAnalyticsSwift in Frameworks */,
				82136EB22966C1B200CCAADF /* FirebaseDynamicLinks in Frameworks */,
				82136EA82966C1B200CCAADF /* FirebaseAuth in Frameworks */,
				82136EB62966C1B200CCAADF /* FirebaseFirestoreSwift in Frameworks */,
				82136EC62966C1B200CCAADF /* FirebaseRemoteConfig in Frameworks */,
				82136EC42966C1B200CCAADF /* FirebasePerformance in Frameworks */,
				82136EB42966C1B200CCAADF /* FirebaseFirestore in Frameworks */,
				82136ECA2966C1B200CCAADF /* FirebaseStorage in Frameworks */,
				82136EAC2966C1B200CCAADF /* FirebaseCrashlytics in Frameworks */,
				82136EA42966C1B200CCAADF /* FirebaseAnalytics in Frameworks */,
				82136EB82966C1B200CCAADF /* FirebaseFunctions in Frameworks */,
				82136EC02966C1B200CCAADF /* FirebaseMLModelDownloader in Frameworks */,
				82136EAA2966C1B200CCAADF /* FirebaseAuthCombine-Community in Frameworks */,
				82136EBA2966C1B200CCAADF /* FirebaseFunctionsCombine-Community in Frameworks */,
			);
			runOnlyForDeploymentPostprocessing = 0;
		};
/* End PBXFrameworksBuildPhase section */

/* Begin PBXGroup section */
		82136E862966C08400CCAADF = {
			isa = PBXGroup;
			children = (
				82136E912966C08400CCAADF /* TaskwithFirebase */,
				82136E902966C08400CCAADF /* Products */,
			);
			sourceTree = "<group>";
		};
		82136E902966C08400CCAADF /* Products */ = {
			isa = PBXGroup;
			children = (
				82136E8F2966C08400CCAADF /* TaskwithFirebase.app */,
			);
			name = Products;
			sourceTree = "<group>";
		};
		82136E912966C08400CCAADF /* TaskwithFirebase */ = {
			isa = PBXGroup;
			children = (
				823C312D2967D9DF000B0443 /* Model */,
				823C31322967D9EE000B0443 /* View */,
				82136EA02966C0FC00CCAADF /* GoogleService-Info.plist */,
				82136E962966C08600CCAADF /* Assets.xcassets */,
				82136E982966C08600CCAADF /* Preview Content */,
			);
			path = TaskwithFirebase;
			sourceTree = "<group>";
		};
		82136E982966C08600CCAADF /* Preview Content */ = {
			isa = PBXGroup;
			children = (
				82136E992966C08600CCAADF /* Preview Assets.xcassets */,
			);
			path = "Preview Content";
			sourceTree = "<group>";
		};
		823C312D2967D9DF000B0443 /* Model */ = {
			isa = PBXGroup;
			children = (
				823C312E2967D9DF000B0443 /* DateValue.swift */,
				823C3168296D20A9000B0443 /* Task.swift */,
				823C316A296D2404000B0443 /* TaskViewModel.swift */,
				823C316C296D2A3C000B0443 /* TasksViewModel.swift */,
			);
			path = Model;
			sourceTree = "<group>";
		};
		823C31322967D9EE000B0443 /* View */ = {
			isa = PBXGroup;
			children = (
				823C3191296D4B32000B0443 /* ContentView.swift */,
				823C318F296D4B28000B0443 /* Home.swift */,
				823C3193296D4B40000B0443 /* CustomDatePicker.swift */,
				82136E942966C08400CCAADF /* TaskList.swift */,
				82136E922966C08400CCAADF /* TaskwithFirebaseApp.swift */,
				823C316E296D2E2E000B0443 /* TaskDetailsView.swift */,
				823C318D296D3BB2000B0443 /* TaskEditView.swift */,
			);
			path = View;
			sourceTree = "<group>";
		};
/* End PBXGroup section */

/* Begin PBXNativeTarget section */
		82136E8E2966C08400CCAADF /* TaskwithFirebase */ = {
			isa = PBXNativeTarget;
			buildConfigurationList = 82136E9D2966C08600CCAADF /* Build configuration list for PBXNativeTarget "TaskwithFirebase" */;
			buildPhases = (
				82136E8B2966C08400CCAADF /* Sources */,
				82136E8C2966C08400CCAADF /* Frameworks */,
				82136E8D2966C08400CCAADF /* Resources */,
			);
			buildRules = (
			);
			dependencies = (
			);
			name = TaskwithFirebase;
			packageProductDependencies = (
				82136EA32966C1B200CCAADF /* FirebaseAnalytics */,
				82136EA52966C1B200CCAADF /* FirebaseAnalyticsSwift */,
				82136EA72966C1B200CCAADF /* FirebaseAuth */,
				82136EA92966C1B200CCAADF /* FirebaseAuthCombine-Community */,
				82136EAB2966C1B200CCAADF /* FirebaseCrashlytics */,
				82136EAD2966C1B200CCAADF /* FirebaseDatabase */,
				82136EAF2966C1B200CCAADF /* FirebaseDatabaseSwift */,
				82136EB12966C1B200CCAADF /* FirebaseDynamicLinks */,
				82136EB32966C1B200CCAADF /* FirebaseFirestore */,
				82136EB52966C1B200CCAADF /* FirebaseFirestoreSwift */,
				82136EB72966C1B200CCAADF /* FirebaseFunctions */,
				82136EB92966C1B200CCAADF /* FirebaseFunctionsCombine-Community */,
				82136EBB2966C1B200CCAADF /* FirebaseInAppMessaging-Beta */,
				82136EBD2966C1B200CCAADF /* FirebaseInAppMessagingSwift-Beta */,
				82136EBF2966C1B200CCAADF /* FirebaseMLModelDownloader */,
				82136EC12966C1B200CCAADF /* FirebaseMessaging */,
				82136EC32966C1B200CCAADF /* FirebasePerformance */,
				82136EC52966C1B200CCAADF /* FirebaseRemoteConfig */,
				82136EC72966C1B200CCAADF /* FirebaseRemoteConfigSwift */,
				82136EC92966C1B200CCAADF /* FirebaseStorage */,
				82136ECB2966C1B200CCAADF /* FirebaseStorageCombine-Community */,
			);
			productName = TaskwithFirebase;
			productReference = 82136E8F2966C08400CCAADF /* TaskwithFirebase.app */;
			productType = "com.apple.product-type.application";
		};
/* End PBXNativeTarget section */

/* Begin PBXProject section */
		82136E872966C08400CCAADF /* Project object */ = {
			isa = PBXProject;
			attributes = {
				BuildIndependentTargetsInParallel = 1;
				LastSwiftUpdateCheck = 1420;
				LastUpgradeCheck = 1420;
				TargetAttributes = {
					82136E8E2966C08400CCAADF = {
						CreatedOnToolsVersion = 14.2;
					};
				};
			};
			buildConfigurationList = 82136E8A2966C08400CCAADF /* Build configuration list for PBXProject "TaskwithFirebase" */;
			compatibilityVersion = "Xcode 14.0";
			developmentRegion = en;
			hasScannedForEncodings = 0;
			knownRegions = (
				en,
				Base,
			);
			mainGroup = 82136E862966C08400CCAADF;
			packageReferences = (
				82136EA22966C1B200CCAADF /* XCRemoteSwiftPackageReference "firebase-ios-sdk" */,
			);
			productRefGroup = 82136E902966C08400CCAADF /* Products */;
			projectDirPath = "";
			projectRoot = "";
			targets = (
				82136E8E2966C08400CCAADF /* TaskwithFirebase */,
			);
		};
/* End PBXProject section */

/* Begin PBXResourcesBuildPhase section */
		82136E8D2966C08400CCAADF /* Resources */ = {
			isa = PBXResourcesBuildPhase;
			buildActionMask = 2147483647;
			files = (
				82136E9A2966C08600CCAADF /* Preview Assets.xcassets in Resources */,
				82136EA12966C0FC00CCAADF /* GoogleService-Info.plist in Resources */,
				82136E972966C08600CCAADF /* Assets.xcassets in Resources */,
			);
			runOnlyForDeploymentPostprocessing = 0;
		};
/* End PBXResourcesBuildPhase section */

/* Begin PBXSourcesBuildPhase section */
		82136E8B2966C08400CCAADF /* Sources */ = {
			isa = PBXSourcesBuildPhase;
			buildActionMask = 2147483647;
			files = (
				823C31302967D9DF000B0443 /* DateValue.swift in Sources */,
				82136E952966C08400CCAADF /* TaskList.swift in Sources */,
				823C3194296D4B40000B0443 /* CustomDatePicker.swift in Sources */,
				82136E932966C08400CCAADF /* TaskwithFirebaseApp.swift in Sources */,
				823C316F296D2E2E000B0443 /* TaskDetailsView.swift in Sources */,
				823C3190296D4B28000B0443 /* Home.swift in Sources */,
				823C316D296D2A3C000B0443 /* TasksViewModel.swift in Sources */,
				823C3192296D4B32000B0443 /* ContentView.swift in Sources */,
				823C318E296D3BB2000B0443 /* TaskEditView.swift in Sources */,
				823C316B296D2404000B0443 /* TaskViewModel.swift in Sources */,
				823C3169296D20A9000B0443 /* Task.swift in Sources */,
			);
			runOnlyForDeploymentPostprocessing = 0;
		};
/* End PBXSourcesBuildPhase section */

/* Begin XCBuildConfiguration section */
		82136E9B2966C08600CCAADF /* Debug */ = {
			isa = XCBuildConfiguration;
			buildSettings = {
				ALWAYS_SEARCH_USER_PATHS = NO;
				CLANG_ANALYZER_NONNULL = YES;
				CLANG_ANALYZER_NUMBER_OBJECT_CONVERSION = YES_AGGRESSIVE;
				CLANG_CXX_LANGUAGE_STANDARD = "gnu++20";
				CLANG_ENABLE_MODULES = YES;
				CLANG_ENABLE_OBJC_ARC = YES;
				CLANG_ENABLE_OBJC_WEAK = YES;
				CLANG_WARN_BLOCK_CAPTURE_AUTORELEASING = YES;
				CLANG_WARN_BOOL_CONVERSION = YES;
				CLANG_WARN_COMMA = YES;
				CLANG_WARN_CONSTANT_CONVERSION = YES;
				CLANG_WARN_DEPRECATED_OBJC_IMPLEMENTATIONS = YES;
				CLANG_WARN_DIRECT_OBJC_ISA_USAGE = YES_ERROR;
				CLANG_WARN_DOCUMENTATION_COMMENTS = YES;
				CLANG_WARN_EMPTY_BODY = YES;
				CLANG_WARN_ENUM_CONVERSION = YES;
				CLANG_WARN_INFINITE_RECURSION = YES;
				CLANG_WARN_INT_CONVERSION = YES;
				CLANG_WARN_NON_LITERAL_NULL_CONVERSION = YES;
				CLANG_WARN_OBJC_IMPLICIT_RETAIN_SELF = YES;
				CLANG_WARN_OBJC_LITERAL_CONVERSION = YES;
				CLANG_WARN_OBJC_ROOT_CLASS = YES_ERROR;
				CLANG_WARN_QUOTED_INCLUDE_IN_FRAMEWORK_HEADER = YES;
				CLANG_WARN_RANGE_LOOP_ANALYSIS = YES;
				CLANG_WARN_STRICT_PROTOTYPES = YES;
				CLANG_WARN_SUSPICIOUS_MOVE = YES;
				CLANG_WARN_UNGUARDED_AVAILABILITY = YES_AGGRESSIVE;
				CLANG_WARN_UNREACHABLE_CODE = YES;
				CLANG_WARN__DUPLICATE_METHOD_MATCH = YES;
				COPY_PHASE_STRIP = NO;
				DEBUG_INFORMATION_FORMAT = dwarf;
				ENABLE_STRICT_OBJC_MSGSEND = YES;
				ENABLE_TESTABILITY = YES;
				GCC_C_LANGUAGE_STANDARD = gnu11;
				GCC_DYNAMIC_NO_PIC = NO;
				GCC_NO_COMMON_BLOCKS = YES;
				GCC_OPTIMIZATION_LEVEL = 0;
				GCC_PREPROCESSOR_DEFINITIONS = (
					"DEBUG=1",
					"$(inherited)",
				);
				GCC_WARN_64_TO_32_BIT_CONVERSION = YES;
				GCC_WARN_ABOUT_RETURN_TYPE = YES_ERROR;
				GCC_WARN_UNDECLARED_SELECTOR = YES;
				GCC_WARN_UNINITIALIZED_AUTOS = YES_AGGRESSIVE;
				GCC_WARN_UNUSED_FUNCTION = YES;
				GCC_WARN_UNUSED_VARIABLE = YES;
				IPHONEOS_DEPLOYMENT_TARGET = 16.2;
				MTL_ENABLE_DEBUG_INFO = INCLUDE_SOURCE;
				MTL_FAST_MATH = YES;
				ONLY_ACTIVE_ARCH = YES;
				SDKROOT = iphoneos;
				SWIFT_ACTIVE_COMPILATION_CONDITIONS = DEBUG;
				SWIFT_OPTIMIZATION_LEVEL = "-Onone";
			};
			name = Debug;
		};
		82136E9C2966C08600CCAADF /* Release */ = {
			isa = XCBuildConfiguration;
			buildSettings = {
				ALWAYS_SEARCH_USER_PATHS = NO;
				CLANG_ANALYZER_NONNULL = YES;
				CLANG_ANALYZER_NUMBER_OBJECT_CONVERSION = YES_AGGRESSIVE;
				CLANG_CXX_LANGUAGE_STANDARD = "gnu++20";
				CLANG_ENABLE_MODULES = YES;
				CLANG_ENABLE_OBJC_ARC = YES;
				CLANG_ENABLE_OBJC_WEAK = YES;
				CLANG_WARN_BLOCK_CAPTURE_AUTORELEASING = YES;
				CLANG_WARN_BOOL_CONVERSION = YES;
				CLANG_WARN_COMMA = YES;
				CLANG_WARN_CONSTANT_CONVERSION = YES;
				CLANG_WARN_DEPRECATED_OBJC_IMPLEMENTATIONS = YES;
				CLANG_WARN_DIRECT_OBJC_ISA_USAGE = YES_ERROR;
				CLANG_WARN_DOCUMENTATION_COMMENTS = YES;
				CLANG_WARN_EMPTY_BODY = YES;
				CLANG_WARN_ENUM_CONVERSION = YES;
				CLANG_WARN_INFINITE_RECURSION = YES;
				CLANG_WARN_INT_CONVERSION = YES;
				CLANG_WARN_NON_LITERAL_NULL_CONVERSION = YES;
				CLANG_WARN_OBJC_IMPLICIT_RETAIN_SELF = YES;
				CLANG_WARN_OBJC_LITERAL_CONVERSION = YES;
				CLANG_WARN_OBJC_ROOT_CLASS = YES_ERROR;
				CLANG_WARN_QUOTED_INCLUDE_IN_FRAMEWORK_HEADER = YES;
				CLANG_WARN_RANGE_LOOP_ANALYSIS = YES;
				CLANG_WARN_STRICT_PROTOTYPES = YES;
				CLANG_WARN_SUSPICIOUS_MOVE = YES;
				CLANG_WARN_UNGUARDED_AVAILABILITY = YES_AGGRESSIVE;
				CLANG_WARN_UNREACHABLE_CODE = YES;
				CLANG_WARN__DUPLICATE_METHOD_MATCH = YES;
				COPY_PHASE_STRIP = NO;
				DEBUG_INFORMATION_FORMAT = "dwarf-with-dsym";
				ENABLE_NS_ASSERTIONS = NO;
				ENABLE_STRICT_OBJC_MSGSEND = YES;
				GCC_C_LANGUAGE_STANDARD = gnu11;
				GCC_NO_COMMON_BLOCKS = YES;
				GCC_WARN_64_TO_32_BIT_CONVERSION = YES;
				GCC_WARN_ABOUT_RETURN_TYPE = YES_ERROR;
				GCC_WARN_UNDECLARED_SELECTOR = YES;
				GCC_WARN_UNINITIALIZED_AUTOS = YES_AGGRESSIVE;
				GCC_WARN_UNUSED_FUNCTION = YES;
				GCC_WARN_UNUSED_VARIABLE = YES;
				IPHONEOS_DEPLOYMENT_TARGET = 16.2;
				MTL_ENABLE_DEBUG_INFO = NO;
				MTL_FAST_MATH = YES;
				SDKROOT = iphoneos;
				SWIFT_COMPILATION_MODE = wholemodule;
				SWIFT_OPTIMIZATION_LEVEL = "-O";
				VALIDATE_PRODUCT = YES;
			};
			name = Release;
		};
		82136E9E2966C08600CCAADF /* Debug */ = {
			isa = XCBuildConfiguration;
			buildSettings = {
				ASSETCATALOG_COMPILER_APPICON_NAME = AppIcon;
				ASSETCATALOG_COMPILER_GLOBAL_ACCENT_COLOR_NAME = AccentColor;
				CODE_SIGN_STYLE = Automatic;
				CURRENT_PROJECT_VERSION = 1;
				DEVELOPMENT_ASSET_PATHS = "\"TaskwithFirebase/Preview Content\"";
				ENABLE_PREVIEWS = YES;
				GENERATE_INFOPLIST_FILE = YES;
				INFOPLIST_KEY_UIApplicationSceneManifest_Generation = YES;
				INFOPLIST_KEY_UIApplicationSupportsIndirectInputEvents = YES;
				INFOPLIST_KEY_UILaunchScreen_Generation = YES;
				INFOPLIST_KEY_UISupportedInterfaceOrientations_iPad = "UIInterfaceOrientationPortrait UIInterfaceOrientationPortraitUpsideDown UIInterfaceOrientationLandscapeLeft UIInterfaceOrientationLandscapeRight";
				INFOPLIST_KEY_UISupportedInterfaceOrientations_iPhone = "UIInterfaceOrientationPortrait UIInterfaceOrientationLandscapeLeft UIInterfaceOrientationLandscapeRight";
				LD_RUNPATH_SEARCH_PATHS = (
					"$(inherited)",
					"@executable_path/Frameworks",
				);
				MARKETING_VERSION = 1.0;
				PRODUCT_BUNDLE_IDENTIFIER = kr.xoul.TaskwithFirebase;
				PRODUCT_NAME = "$(TARGET_NAME)";
				SWIFT_EMIT_LOC_STRINGS = YES;
				SWIFT_VERSION = 5.0;
				TARGETED_DEVICE_FAMILY = "1,2";
			};
			name = Debug;
		};
		82136E9F2966C08600CCAADF /* Release */ = {
			isa = XCBuildConfiguration;
			buildSettings = {
				ASSETCATALOG_COMPILER_APPICON_NAME = AppIcon;
				ASSETCATALOG_COMPILER_GLOBAL_ACCENT_COLOR_NAME = AccentColor;
				CODE_SIGN_STYLE = Automatic;
				CURRENT_PROJECT_VERSION = 1;
				DEVELOPMENT_ASSET_PATHS = "\"TaskwithFirebase/Preview Content\"";
				ENABLE_PREVIEWS = YES;
				GENERATE_INFOPLIST_FILE = YES;
				INFOPLIST_KEY_UIApplicationSceneManifest_Generation = YES;
				INFOPLIST_KEY_UIApplicationSupportsIndirectInputEvents = YES;
				INFOPLIST_KEY_UILaunchScreen_Generation = YES;
				INFOPLIST_KEY_UISupportedInterfaceOrientations_iPad = "UIInterfaceOrientationPortrait UIInterfaceOrientationPortraitUpsideDown UIInterfaceOrientationLandscapeLeft UIInterfaceOrientationLandscapeRight";
				INFOPLIST_KEY_UISupportedInterfaceOrientations_iPhone = "UIInterfaceOrientationPortrait UIInterfaceOrientationLandscapeLeft UIInterfaceOrientationLandscapeRight";
				LD_RUNPATH_SEARCH_PATHS = (
					"$(inherited)",
					"@executable_path/Frameworks",
				);
				MARKETING_VERSION = 1.0;
				PRODUCT_BUNDLE_IDENTIFIER = kr.xoul.TaskwithFirebase;
				PRODUCT_NAME = "$(TARGET_NAME)";
				SWIFT_EMIT_LOC_STRINGS = YES;
				SWIFT_VERSION = 5.0;
				TARGETED_DEVICE_FAMILY = "1,2";
			};
			name = Release;
		};
/* End XCBuildConfiguration section */

/* Begin XCConfigurationList section */
		82136E8A2966C08400CCAADF /* Build configuration list for PBXProject "TaskwithFirebase" */ = {
			isa = XCConfigurationList;
			buildConfigurations = (
				82136E9B2966C08600CCAADF /* Debug */,
				82136E9C2966C08600CCAADF /* Release */,
			);
			defaultConfigurationIsVisible = 0;
			defaultConfigurationName = Release;
		};
		82136E9D2966C08600CCAADF /* Build configuration list for PBXNativeTarget "TaskwithFirebase" */ = {
			isa = XCConfigurationList;
			buildConfigurations = (
				82136E9E2966C08600CCAADF /* Debug */,
				82136E9F2966C08600CCAADF /* Release */,
			);
			defaultConfigurationIsVisible = 0;
			defaultConfigurationName = Release;
		};
/* End XCConfigurationList section */

/* Begin XCRemoteSwiftPackageReference section */
		82136EA22966C1B200CCAADF /* XCRemoteSwiftPackageReference "firebase-ios-sdk" */ = {
			isa = XCRemoteSwiftPackageReference;
			repositoryURL = "https://github.com/firebase/firebase-ios-sdk";
			requirement = {
				branch = master;
				kind = branch;
			};
		};
/* End XCRemoteSwiftPackageReference section */

/* Begin XCSwiftPackageProductDependency section */
		82136EA32966C1B200CCAADF /* FirebaseAnalytics */ = {
			isa = XCSwiftPackageProductDependency;
			package = 82136EA22966C1B200CCAADF /* XCRemoteSwiftPackageReference "firebase-ios-sdk" */;
			productName = FirebaseAnalytics;
		};
		82136EA52966C1B200CCAADF /* FirebaseAnalyticsSwift */ = {
			isa = XCSwiftPackageProductDependency;
			package = 82136EA22966C1B200CCAADF /* XCRemoteSwiftPackageReference "firebase-ios-sdk" */;
			productName = FirebaseAnalyticsSwift;
		};
		82136EA72966C1B200CCAADF /* FirebaseAuth */ = {
			isa = XCSwiftPackageProductDependency;
			package = 82136EA22966C1B200CCAADF /* XCRemoteSwiftPackageReference "firebase-ios-sdk" */;
			productName = FirebaseAuth;
		};
		82136EA92966C1B200CCAADF /* FirebaseAuthCombine-Community */ = {
			isa = XCSwiftPackageProductDependency;
			package = 82136EA22966C1B200CCAADF /* XCRemoteSwiftPackageReference "firebase-ios-sdk" */;
			productName = "FirebaseAuthCombine-Community";
		};
		82136EAB2966C1B200CCAADF /* FirebaseCrashlytics */ = {
			isa = XCSwiftPackageProductDependency;
			package = 82136EA22966C1B200CCAADF /* XCRemoteSwiftPackageReference "firebase-ios-sdk" */;
			productName = FirebaseCrashlytics;
		};
		82136EAD2966C1B200CCAADF /* FirebaseDatabase */ = {
			isa = XCSwiftPackageProductDependency;
			package = 82136EA22966C1B200CCAADF /* XCRemoteSwiftPackageReference "firebase-ios-sdk" */;
			productName = FirebaseDatabase;
		};
		82136EAF2966C1B200CCAADF /* FirebaseDatabaseSwift */ = {
			isa = XCSwiftPackageProductDependency;
			package = 82136EA22966C1B200CCAADF /* XCRemoteSwiftPackageReference "firebase-ios-sdk" */;
			productName = FirebaseDatabaseSwift;
		};
		82136EB12966C1B200CCAADF /* FirebaseDynamicLinks */ = {
			isa = XCSwiftPackageProductDependency;
			package = 82136EA22966C1B200CCAADF /* XCRemoteSwiftPackageReference "firebase-ios-sdk" */;
			productName = FirebaseDynamicLinks;
		};
		82136EB32966C1B200CCAADF /* FirebaseFirestore */ = {
			isa = XCSwiftPackageProductDependency;
			package = 82136EA22966C1B200CCAADF /* XCRemoteSwiftPackageReference "firebase-ios-sdk" */;
			productName = FirebaseFirestore;
		};
		82136EB52966C1B200CCAADF /* FirebaseFirestoreSwift */ = {
			isa = XCSwiftPackageProductDependency;
			package = 82136EA22966C1B200CCAADF /* XCRemoteSwiftPackageReference "firebase-ios-sdk" */;
			productName = FirebaseFirestoreSwift;
		};
		82136EB72966C1B200CCAADF /* FirebaseFunctions */ = {
			isa = XCSwiftPackageProductDependency;
			package = 82136EA22966C1B200CCAADF /* XCRemoteSwiftPackageReference "firebase-ios-sdk" */;
			productName = FirebaseFunctions;
		};
		82136EB92966C1B200CCAADF /* FirebaseFunctionsCombine-Community */ = {
			isa = XCSwiftPackageProductDependency;
			package = 82136EA22966C1B200CCAADF /* XCRemoteSwiftPackageReference "firebase-ios-sdk" */;
			productName = "FirebaseFunctionsCombine-Community";
		};
		82136EBB2966C1B200CCAADF /* FirebaseInAppMessaging-Beta */ = {
			isa = XCSwiftPackageProductDependency;
			package = 82136EA22966C1B200CCAADF /* XCRemoteSwiftPackageReference "firebase-ios-sdk" */;
			productName = "FirebaseInAppMessaging-Beta";
		};
		82136EBD2966C1B200CCAADF /* FirebaseInAppMessagingSwift-Beta */ = {
			isa = XCSwiftPackageProductDependency;
			package = 82136EA22966C1B200CCAADF /* XCRemoteSwiftPackageReference "firebase-ios-sdk" */;
			productName = "FirebaseInAppMessagingSwift-Beta";
		};
		82136EBF2966C1B200CCAADF /* FirebaseMLModelDownloader */ = {
			isa = XCSwiftPackageProductDependency;
			package = 82136EA22966C1B200CCAADF /* XCRemoteSwiftPackageReference "firebase-ios-sdk" */;
			productName = FirebaseMLModelDownloader;
		};
		82136EC12966C1B200CCAADF /* FirebaseMessaging */ = {
			isa = XCSwiftPackageProductDependency;
			package = 82136EA22966C1B200CCAADF /* XCRemoteSwiftPackageReference "firebase-ios-sdk" */;
			productName = FirebaseMessaging;
		};
		82136EC32966C1B200CCAADF /* FirebasePerformance */ = {
			isa = XCSwiftPackageProductDependency;
			package = 82136EA22966C1B200CCAADF /* XCRemoteSwiftPackageReference "firebase-ios-sdk" */;
			productName = FirebasePerformance;
		};
		82136EC52966C1B200CCAADF /* FirebaseRemoteConfig */ = {
			isa = XCSwiftPackageProductDependency;
			package = 82136EA22966C1B200CCAADF /* XCRemoteSwiftPackageReference "firebase-ios-sdk" */;
			productName = FirebaseRemoteConfig;
		};
		82136EC72966C1B200CCAADF /* FirebaseRemoteConfigSwift */ = {
			isa = XCSwiftPackageProductDependency;
			package = 82136EA22966C1B200CCAADF /* XCRemoteSwiftPackageReference "firebase-ios-sdk" */;
			productName = FirebaseRemoteConfigSwift;
		};
		82136EC92966C1B200CCAADF /* FirebaseStorage */ = {
			isa = XCSwiftPackageProductDependency;
			package = 82136EA22966C1B200CCAADF /* XCRemoteSwiftPackageReference "firebase-ios-sdk" */;
			productName = FirebaseStorage;
		};
		82136ECB2966C1B200CCAADF /* FirebaseStorageCombine-Community */ = {
			isa = XCSwiftPackageProductDependency;
			package = 82136EA22966C1B200CCAADF /* XCRemoteSwiftPackageReference "firebase-ios-sdk" */;
			productName = "FirebaseStorageCombine-Community";
		};
/* End XCSwiftPackageProductDependency section */
	};
	rootObject = 82136E872966C08400CCAADF /* Project object */;
}
